
Microsoft Visual Studio Solution File, Format Version 12.00
# Visual Studio Version 16
VisualStudioVersion = 16.0.809.6
MinimumVisualStudioVersion = 10.0.40219.1
Project("{FAE04EC0-301F-11D3-BF4B-00C04F79EFBC}") = "CakesStore", "CakesStore\CakesStore.csproj", "{BB2519D4-33D5-45AB-8A30-3F4D90FBB179}"
EndProject
Global
	GlobalSection(SolutionConfigurationPlatforms) = preSolution
		Debug|Any CPU = Debug|Any CPU
		Release|Any CPU = Release|Any CPU
	EndGlobalSection
	GlobalSection(ProjectConfigurationPlatforms) = postSolution
		{BB2519D4-33D5-45AB-8A30-3F4D90FBB179}.Debug|Any CPU.ActiveCfg = Debug|Any CPU
		{BB2519D4-33D5-45AB-8A30-3F4D90FBB179}.Debug|Any CPU.Build.0 = Debug|Any CPU
		{BB2519D4-33D5-45AB-8A30-3F4D90FBB179}.Release|Any CPU.ActiveCfg = Release|Any CPU
		{BB2519D4-33D5-45AB-8A30-3F4D90FBB179}.Release|Any CPU.Build.0 = Release|Any CPU
	EndGlobalSection
	GlobalSection(SolutionProperties) = preSolution
		HideSolutionNode = FALSE
	EndGlobalSection
	GlobalSection(ExtensibilityGlobals) = postSolution
		SolutionGuid = {8819F2AA-DBBF-4699-B53E-695C92D2F2A3}
	EndGlobalSection
EndGlobal
